// !$*UTF8*$!
{
	archiveVersion = 1;
	classes = {
	};
	objectVersion = 56;
	objects = {

/* Begin PBXBuildFile section */
		3B857DEC29C0ACD900D3C112 /* AppDelegate.swift in Sources */ = {isa = PBXBuildFile; fileRef = 3B857DEB29C0ACD900D3C112 /* AppDelegate.swift */; };
		3B857DEE29C0ACD900D3C112 /* SceneDelegate.swift in Sources */ = {isa = PBXBuildFile; fileRef = 3B857DED29C0ACD900D3C112 /* SceneDelegate.swift */; };
		3B857DF329C0ACD900D3C112 /* Main.storyboard in Resources */ = {isa = PBXBuildFile; fileRef = 3B857DF129C0ACD900D3C112 /* Main.storyboard */; };
		3B857DF529C0ACDA00D3C112 /* Assets.xcassets in Resources */ = {isa = PBXBuildFile; fileRef = 3B857DF429C0ACDA00D3C112 /* Assets.xcassets */; };
		3B857DF829C0ACDA00D3C112 /* LaunchScreen.storyboard in Resources */ = {isa = PBXBuildFile; fileRef = 3B857DF629C0ACDA00D3C112 /* LaunchScreen.storyboard */; };
		3B857E0029C0AD8200D3C112 /* TaskListViewController.swift in Sources */ = {isa = PBXBuildFile; fileRef = 3B857DFF29C0AD8200D3C112 /* TaskListViewController.swift */; };
		3B857E0229C0AD9800D3C112 /* Task.swift in Sources */ = {isa = PBXBuildFile; fileRef = 3B857E0129C0AD9800D3C112 /* Task.swift */; };
		3B857E0429C0ADA200D3C112 /* TaskDetailViewController.swift in Sources */ = {isa = PBXBuildFile; fileRef = 3B857E0329C0ADA200D3C112 /* TaskDetailViewController.swift */; };
		3B857E0629C0ADD800D3C112 /* TaskCell.swift in Sources */ = {isa = PBXBuildFile; fileRef = 3B857E0529C0ADD800D3C112 /* TaskCell.swift */; };
		3B857E0A29C0AE5200D3C112 /* TaskAnnotationView.swift in Sources */ = {isa = PBXBuildFile; fileRef = 3B857E0929C0AE5200D3C112 /* TaskAnnotationView.swift */; };
/* End PBXBuildFile section */

/* Begin PBXFileReference section */
		3B857DE829C0ACD900D3C112 /* Scavenger.app */ = {isa = PBXFileReference; explicitFileType = wrapper.application; includeInIndex = 0; path = Scavenger.app; sourceTree = BUILT_PRODUCTS_DIR; };
		3B857DEB29C0ACD900D3C112 /* AppDelegate.swift */ = {isa = PBXFileReference; lastKnownFileType = sourcecode.swift; path = AppDelegate.swift; sourceTree = "<group>"; };
		3B857DED29C0ACD900D3C112 /* SceneDelegate.swift */ = {isa = PBXFileReference; lastKnownFileType = sourcecode.swift; path = SceneDelegate.swift; sourceTree = "<group>"; };
		3B857DF229C0ACD900D3C112 /* Base */ = {isa = PBXFileReference; lastKnownFileType = file.storyboard; name = Base; path = Base.lproj/Main.storyboard; sourceTree = "<group>"; };
		3B857DF429C0ACDA00D3C112 /* Assets.xcassets */ = {isa = PBXFileReference; lastKnownFileType = folder.assetcatalog; path = Assets.xcassets; sourceTree = "<group>"; };
		3B857DF729C0ACDA00D3C112 /* Base */ = {isa = PBXFileReference; lastKnownFileType = file.storyboard; name = Base; path = Base.lproj/LaunchScreen.storyboard; sourceTree = "<group>"; };
		3B857DF929C0ACDA00D3C112 /* Info.plist */ = {isa = PBXFileReference; lastKnownFileType = text.plist.xml; path = Info.plist; sourceTree = "<group>"; };
		3B857DFF29C0AD8200D3C112 /* TaskListViewController.swift */ = {isa = PBXFileReference; fileEncoding = 4; lastKnownFileType = sourcecode.swift; name = TaskListViewController.swift; path = "../../../Downloads/lab-task-squirrel/lab-task-squirrel/Task List/TaskListViewController.swift"; sourceTree = "<group>"; };
		3B857E0129C0AD9800D3C112 /* Task.swift */ = {isa = PBXFileReference; fileEncoding = 4; lastKnownFileType = sourcecode.swift; name = Task.swift; path = "../../../Downloads/lab-task-squirrel/lab-task-squirrel/Models/Task.swift"; sourceTree = "<group>"; };
		3B857E0329C0ADA200D3C112 /* TaskDetailViewController.swift */ = {isa = PBXFileReference; fileEncoding = 4; lastKnownFileType = sourcecode.swift; name = TaskDetailViewController.swift; path = "../../../Downloads/lab-task-squirrel/lab-task-squirrel/Task Detail/TaskDetailViewController.swift"; sourceTree = "<group>"; };
		3B857E0529C0ADD800D3C112 /* TaskCell.swift */ = {isa = PBXFileReference; fileEncoding = 4; lastKnownFileType = sourcecode.swift; name = TaskCell.swift; path = "../../../Downloads/lab-task-squirrel/lab-task-squirrel/Task List/TaskCell.swift"; sourceTree = "<group>"; };
		3B857E0929C0AE5200D3C112 /* TaskAnnotationView.swift */ = {isa = PBXFileReference; fileEncoding = 4; lastKnownFileType = sourcecode.swift; name = TaskAnnotationView.swift; path = "../../../Downloads/lab-task-squirrel/lab-task-squirrel/Task Detail/TaskAnnotationView.swift"; sourceTree = "<group>"; };
/* End PBXFileReference section */

/* Begin PBXFrameworksBuildPhase section */
		3B857DE529C0ACD900D3C112 /* Frameworks */ = {
			isa = PBXFrameworksBuildPhase;
			buildActionMask = 2147483647;
			files = (
			);
			runOnlyForDeploymentPostprocessing = 0;
		};
/* End PBXFrameworksBuildPhase section */

/* Begin PBXGroup section */
		3B857DDF29C0ACD900D3C112 = {
			isa = PBXGroup;
			children = (
				3B857DEA29C0ACD900D3C112 /* Scavenger */,
				3B857DE929C0ACD900D3C112 /* Products */,
			);
			sourceTree = "<group>";
		};
		3B857DE929C0ACD900D3C112 /* Products */ = {
			isa = PBXGroup;
			children = (
				3B857DE829C0ACD900D3C112 /* Scavenger.app */,
			);
			name = Products;
			sourceTree = "<group>";
		};
		3B857DEA29C0ACD900D3C112 /* Scavenger */ = {
			isa = PBXGroup;
			children = (
				3B857DEB29C0ACD900D3C112 /* AppDelegate.swift */,
				3B857DED29C0ACD900D3C112 /* SceneDelegate.swift */,
				3B857DF129C0ACD900D3C112 /* Main.storyboard */,
				3B857DFF29C0AD8200D3C112 /* TaskListViewController.swift */,
				3B857DF429C0ACDA00D3C112 /* Assets.xcassets */,
				3B857DF629C0ACDA00D3C112 /* LaunchScreen.storyboard */,
				3B857DF929C0ACDA00D3C112 /* Info.plist */,
				3B857E0129C0AD9800D3C112 /* Task.swift */,
				3B857E0329C0ADA200D3C112 /* TaskDetailViewController.swift */,
				3B857E0529C0ADD800D3C112 /* TaskCell.swift */,
				3B857E0929C0AE5200D3C112 /* TaskAnnotationView.swift */,
			);
			path = Scavenger;
			sourceTree = "<group>";
		};
/* End PBXGroup section */

/* Begin PBXNativeTarget section */
		3B857DE729C0ACD900D3C112 /* Scavenger */ = {
			isa = PBXNativeTarget;
			buildConfigurationList = 3B857DFC29C0ACDA00D3C112 /* Build configuration list for PBXNativeTarget "Scavenger" */;
			buildPhases = (
				3B857DE429C0ACD900D3C112 /* Sources */,
				3B857DE529C0ACD900D3C112 /* Frameworks */,
				3B857DE629C0ACD900D3C112 /* Resources */,
			);
			buildRules = (
			);
			dependencies = (
			);
			name = Scavenger;
			productName = Scavenger;
			productReference = 3B857DE829C0ACD900D3C112 /* Scavenger.app */;
			productType = "com.apple.product-type.application";
		};
/* End PBXNativeTarget section */

/* Begin PBXProject section */
		3B857DE029C0ACD900D3C112 /* Project object */ = {
			isa = PBXProject;
			attributes = {
				BuildIndependentTargetsInParallel = 1;
				LastSwiftUpdateCheck = 1420;
				LastUpgradeCheck = 1420;
				TargetAttributes = {
					3B857DE729C0ACD900D3C112 = {
						CreatedOnToolsVersion = 14.2;
					};
				};
			};
			buildConfigurationList = 3B857DE329C0ACD900D3C112 /* Build configuration list for PBXProject "Scavenger" */;
			compatibilityVersion = "Xcode 14.0";
			developmentRegion = en;
			hasScannedForEncodings = 0;
			knownRegions = (
				en,
				Base,
			);
			mainGroup = 3B857DDF29C0ACD900D3C112;
			productRefGroup = 3B857DE929C0ACD900D3C112 /* Products */;
			projectDirPath = "";
			projectRoot = "";
			targets = (
				3B857DE729C0ACD900D3C112 /* Scavenger */,
			);
		};
/* End PBXProject section */

/* Begin PBXResourcesBuildPhase section */
		3B857DE629C0ACD900D3C112 /* Resources */ = {
			isa = PBXResourcesBuildPhase;
			buildActionMask = 2147483647;
			files = (
				3B857DF829C0ACDA00D3C112 /* LaunchScreen.storyboard in Resources */,
				3B857DF529C0ACDA00D3C112 /* Assets.xcassets in Resources */,
				3B857DF329C0ACD900D3C112 /* Main.storyboard in Resources */,
			);
			runOnlyForDeploymentPostprocessing = 0;
		};
/* End PBXResourcesBuildPhase section */

/* Begin PBXSourcesBuildPhase section */
		3B857DE429C0ACD900D3C112 /* Sources */ = {
			isa = PBXSourcesBuildPhase;
			buildActionMask = 2147483647;
			files = (
				3B857E0429C0ADA200D3C112 /* TaskDetailViewController.swift in Sources */,
				3B857E0629C0ADD800D3C112 /* TaskCell.swift in Sources */,
				3B857E0A29C0AE5200D3C112 /* TaskAnnotationView.swift in Sources */,
				3B857E0029C0AD8200D3C112 /* TaskListViewController.swift in Sources */,
				3B857E0229C0AD9800D3C112 /* Task.swift in Sources */,
				3B857DEC29C0ACD900D3C112 /* AppDelegate.swift in Sources */,
				3B857DEE29C0ACD900D3C112 /* SceneDelegate.swift in Sources */,
			);
			runOnlyForDeploymentPostprocessing = 0;
		};
/* End PBXSourcesBuildPhase section */

/* Begin PBXVariantGroup section */
		3B857DF129C0ACD900D3C112 /* Main.storyboard */ = {
			isa = PBXVariantGroup;
			children = (
				3B857DF229C0ACD900D3C112 /* Base */,
			);
			name = Main.storyboard;
			sourceTree = "<group>";
		};
		3B857DF629C0ACDA00D3C112 /* LaunchScreen.storyboard */ = {
			isa = PBXVariantGroup;
			children = (
				3B857DF729C0ACDA00D3C112 /* Base */,
			);
			name = LaunchScreen.storyboard;
			sourceTree = "<group>";
		};
/* End PBXVariantGroup section */

/* Begin XCBuildConfiguration section */
		3B857DFA29C0ACDA00D3C112 /* Debug */ = {
			isa = XCBuildConfiguration;
			buildSettings = {
				ALWAYS_SEARCH_USER_PATHS = NO;
				CLANG_ANALYZER_NONNULL = YES;
				CLANG_ANALYZER_NUMBER_OBJECT_CONVERSION = YES_AGGRESSIVE;
				CLANG_CXX_LANGUAGE_STANDARD = "gnu++20";
				CLANG_ENABLE_MODULES = YES;
				CLANG_ENABLE_OBJC_ARC = YES;
				CLANG_ENABLE_OBJC_WEAK = YES;
				CLANG_WARN_BLOCK_CAPTURE_AUTORELEASING = YES;
				CLANG_WARN_BOOL_CONVERSION = YES;
				CLANG_WARN_COMMA = YES;
				CLANG_WARN_CONSTANT_CONVERSION = YES;
				CLANG_WARN_DEPRECATED_OBJC_IMPLEMENTATIONS = YES;
				CLANG_WARN_DIRECT_OBJC_ISA_USAGE = YES_ERROR;
				CLANG_WARN_DOCUMENTATION_COMMENTS = YES;
				CLANG_WARN_EMPTY_BODY = YES;
				CLANG_WARN_ENUM_CONVERSION = YES;
				CLANG_WARN_INFINITE_RECURSION = YES;
				CLANG_WARN_INT_CONVERSION = YES;
				CLANG_WARN_NON_LITERAL_NULL_CONVERSION = YES;
				CLANG_WARN_OBJC_IMPLICIT_RETAIN_SELF = YES;
				CLANG_WARN_OBJC_LITERAL_CONVERSION = YES;
				CLANG_WARN_OBJC_ROOT_CLASS = YES_ERROR;
				CLANG_WARN_QUOTED_INCLUDE_IN_FRAMEWORK_HEADER = YES;
				CLANG_WARN_RANGE_LOOP_ANALYSIS = YES;
				CLANG_WARN_STRICT_PROTOTYPES = YES;
				CLANG_WARN_SUSPICIOUS_MOVE = YES;
				CLANG_WARN_UNGUARDED_AVAILABILITY = YES_AGGRESSIVE;
				CLANG_WARN_UNREACHABLE_CODE = YES;
				CLANG_WARN__DUPLICATE_METHOD_MATCH = YES;
				COPY_PHASE_STRIP = NO;
				DEBUG_INFORMATION_FORMAT = dwarf;
				ENABLE_STRICT_OBJC_MSGSEND = YES;
				ENABLE_TESTABILITY = YES;
				GCC_C_LANGUAGE_STANDARD = gnu11;
				GCC_DYNAMIC_NO_PIC = NO;
				GCC_NO_COMMON_BLOCKS = YES;
				GCC_OPTIMIZATION_LEVEL = 0;
				GCC_PREPROCESSOR_DEFINITIONS = (
					"DEBUG=1",
					"$(inherited)",
				);
				GCC_WARN_64_TO_32_BIT_CONVERSION = YES;
				GCC_WARN_ABOUT_RETURN_TYPE = YES_ERROR;
				GCC_WARN_UNDECLARED_SELECTOR = YES;
				GCC_WARN_UNINITIALIZED_AUTOS = YES_AGGRESSIVE;
				GCC_WARN_UNUSED_FUNCTION = YES;
				GCC_WARN_UNUSED_VARIABLE = YES;
				IPHONEOS_DEPLOYMENT_TARGET = 16.2;
				MTL_ENABLE_DEBUG_INFO = INCLUDE_SOURCE;
				MTL_FAST_MATH = YES;
				ONLY_ACTIVE_ARCH = YES;
				SDKROOT = iphoneos;
				SWIFT_ACTIVE_COMPILATION_CONDITIONS = DEBUG;
				SWIFT_OPTIMIZATION_LEVEL = "-Onone";
			};
			name = Debug;
		};
		3B857DFB29C0ACDA00D3C112 /* Release */ = {
			isa = XCBuildConfiguration;
			buildSettings = {
				ALWAYS_SEARCH_USER_PATHS = NO;
				CLANG_ANALYZER_NONNULL = YES;
				CLANG_ANALYZER_NUMBER_OBJECT_CONVERSION = YES_AGGRESSIVE;
				CLANG_CXX_LANGUAGE_STANDARD = "gnu++20";
				CLANG_ENABLE_MODULES = YES;
				CLANG_ENABLE_OBJC_ARC = YES;
				CLANG_ENABLE_OBJC_WEAK = YES;
				CLANG_WARN_BLOCK_CAPTURE_AUTORELEASING = YES;
				CLANG_WARN_BOOL_CONVERSION = YES;
				CLANG_WARN_COMMA = YES;
				CLANG_WARN_CONSTANT_CONVERSION = YES;
				CLANG_WARN_DEPRECATED_OBJC_IMPLEMENTATIONS = YES;
				CLANG_WARN_DIRECT_OBJC_ISA_USAGE = YES_ERROR;
				CLANG_WARN_DOCUMENTATION_COMMENTS = YES;
				CLANG_WARN_EMPTY_BODY = YES;
				CLANG_WARN_ENUM_CONVERSION = YES;
				CLANG_WARN_INFINITE_RECURSION = YES;
				CLANG_WARN_INT_CONVERSION = YES;
				CLANG_WARN_NON_LITERAL_NULL_CONVERSION = YES;
				CLANG_WARN_OBJC_IMPLICIT_RETAIN_SELF = YES;
				CLANG_WARN_OBJC_LITERAL_CONVERSION = YES;
				CLANG_WARN_OBJC_ROOT_CLASS = YES_ERROR;
				CLANG_WARN_QUOTED_INCLUDE_IN_FRAMEWORK_HEADER = YES;
				CLANG_WARN_RANGE_LOOP_ANALYSIS = YES;
				CLANG_WARN_STRICT_PROTOTYPES = YES;
				CLANG_WARN_SUSPICIOUS_MOVE = YES;
				CLANG_WARN_UNGUARDED_AVAILABILITY = YES_AGGRESSIVE;
				CLANG_WARN_UNREACHABLE_CODE = YES;
				CLANG_WARN__DUPLICATE_METHOD_MATCH = YES;
				COPY_PHASE_STRIP = NO;
				DEBUG_INFORMATION_FORMAT = "dwarf-with-dsym";
				ENABLE_NS_ASSERTIONS = NO;
				ENABLE_STRICT_OBJC_MSGSEND = YES;
				GCC_C_LANGUAGE_STANDARD = gnu11;
				GCC_NO_COMMON_BLOCKS = YES;
				GCC_WARN_64_TO_32_BIT_CONVERSION = YES;
				GCC_WARN_ABOUT_RETURN_TYPE = YES_ERROR;
				GCC_WARN_UNDECLARED_SELECTOR = YES;
				GCC_WARN_UNINITIALIZED_AUTOS = YES_AGGRESSIVE;
				GCC_WARN_UNUSED_FUNCTION = YES;
				GCC_WARN_UNUSED_VARIABLE = YES;
				IPHONEOS_DEPLOYMENT_TARGET = 16.2;
				MTL_ENABLE_DEBUG_INFO = NO;
				MTL_FAST_MATH = YES;
				SDKROOT = iphoneos;
				SWIFT_COMPILATION_MODE = wholemodule;
				SWIFT_OPTIMIZATION_LEVEL = "-O";
				VALIDATE_PRODUCT = YES;
			};
			name = Release;
		};
		3B857DFD29C0ACDA00D3C112 /* Debug */ = {
			isa = XCBuildConfiguration;
			buildSettings = {
				ASSETCATALOG_COMPILER_APPICON_NAME = AppIcon;
				ASSETCATALOG_COMPILER_GLOBAL_ACCENT_COLOR_NAME = AccentColor;
				CODE_SIGN_STYLE = Automatic;
				CURRENT_PROJECT_VERSION = 1;
				DEVELOPMENT_TEAM = LEW9V2KB8P;
				GENERATE_INFOPLIST_FILE = YES;
				INFOPLIST_FILE = Scavenger/Info.plist;
				INFOPLIST_KEY_UIApplicationSupportsIndirectInputEvents = YES;
				INFOPLIST_KEY_UILaunchStoryboardName = LaunchScreen;
				INFOPLIST_KEY_UIMainStoryboardFile = Main;
				INFOPLIST_KEY_UISupportedInterfaceOrientations_iPad = "UIInterfaceOrientationPortrait UIInterfaceOrientationPortraitUpsideDown UIInterfaceOrientationLandscapeLeft UIInterfaceOrientationLandscapeRight";
				INFOPLIST_KEY_UISupportedInterfaceOrientations_iPhone = "UIInterfaceOrientationPortrait UIInterfaceOrientationLandscapeLeft UIInterfaceOrientationLandscapeRight";
				LD_RUNPATH_SEARCH_PATHS = (
					"$(inherited)",
					"@executable_path/Frameworks",
				);
				MARKETING_VERSION = 1.0;
				PRODUCT_BUNDLE_IDENTIFIER = "Abdoul-Bah.Scavenger";
				PRODUCT_NAME = "$(TARGET_NAME)";
				SWIFT_EMIT_LOC_STRINGS = YES;
				SWIFT_VERSION = 5.0;
				TARGETED_DEVICE_FAMILY = "1,2";
			};
			name = Debug;
		};
		3B857DFE29C0ACDA00D3C112 /* Release */ = {
			isa = XCBuildConfiguration;
			buildSettings = {
				ASSETCATALOG_COMPILER_APPICON_NAME = AppIcon;
				ASSETCATALOG_COMPILER_GLOBAL_ACCENT_COLOR_NAME = AccentColor;
				CODE_SIGN_STYLE = Automatic;
				CURRENT_PROJECT_VERSION = 1;
				DEVELOPMENT_TEAM = LEW9V2KB8P;
				GENERATE_INFOPLIST_FILE = YES;
				INFOPLIST_FILE = Scavenger/Info.plist;
				INFOPLIST_KEY_UIApplicationSupportsIndirectInputEvents = YES;
				INFOPLIST_KEY_UILaunchStoryboardName = LaunchScreen;
				INFOPLIST_KEY_UIMainStoryboardFile = Main;
				INFOPLIST_KEY_UISupportedInterfaceOrientations_iPad = "UIInterfaceOrientationPortrait UIInterfaceOrientationPortraitUpsideDown UIInterfaceOrientationLandscapeLeft UIInterfaceOrientationLandscapeRight";
				INFOPLIST_KEY_UISupportedInterfaceOrientations_iPhone = "UIInterfaceOrientationPortrait UIInterfaceOrientationLandscapeLeft UIInterfaceOrientationLandscapeRight";
				LD_RUNPATH_SEARCH_PATHS = (
					"$(inherited)",
					"@executable_path/Frameworks",
				);
				MARKETING_VERSION = 1.0;
				PRODUCT_BUNDLE_IDENTIFIER = "Abdoul-Bah.Scavenger";
				PRODUCT_NAME = "$(TARGET_NAME)";
				SWIFT_EMIT_LOC_STRINGS = YES;
				SWIFT_VERSION = 5.0;
				TARGETED_DEVICE_FAMILY = "1,2";
			};
			name = Release;
		};
/* End XCBuildConfiguration section */

/* Begin XCConfigurationList section */
		3B857DE329C0ACD900D3C112 /* Build configuration list for PBXProject "Scavenger" */ = {
			isa = XCConfigurationList;
			buildConfigurations = (
				3B857DFA29C0ACDA00D3C112 /* Debug */,
				3B857DFB29C0ACDA00D3C112 /* Release */,
			);
			defaultConfigurationIsVisible = 0;
			defaultConfigurationName = Release;
		};
		3B857DFC29C0ACDA00D3C112 /* Build configuration list for PBXNativeTarget "Scavenger" */ = {
			isa = XCConfigurationList;
			buildConfigurations = (
				3B857DFD29C0ACDA00D3C112 /* Debug */,
				3B857DFE29C0ACDA00D3C112 /* Release */,
			);
			defaultConfigurationIsVisible = 0;
			defaultConfigurationName = Release;
		};
/* End XCConfigurationList section */
	};
	rootObject = 3B857DE029C0ACD900D3C112 /* Project object */;
}
